Microsoft Visual Studio Solution File, Format Version 11.00
# Visual Studio 2010
Project("{8BC9CEB8-8B4A-11D0-8D11-00A0C91BC942}") = "CSlim", "CSlim.vcxproj", "{5BE24E31-6003-4EAE-876A-96495093B3AC}"
EndProject
Global
	GlobalSection(SourceCodeControl) = preSolution
		SccNumberOfProjects = 2
		SccLocalPath0 = .
		SccProjectUniqueName1 = CSlim.vcxproj
		SccLocalPath1 = .
	EndGlobalSection
	GlobalSection(SolutionConfigurationPlatforms) = preSolution
		Debug|Win32 = Debug|Win32
		Release|Win32 = Release|Win32
	EndGlobalSection
	GlobalSection(ProjectConfigurationPlatforms) = postSolution
		{5BE24E31-6003-4EAE-876A-96495093B3AC}.Debug|Win32.ActiveCfg = Debug|Win32
		{5BE24E31-6003-4EAE-876A-96495093B3AC}.Debug|Win32.Build.0 = Debug|Win32
		{5BE24E31-6003-4EAE-876A-96495093B3AC}.Release|Win32.ActiveCfg = Release|Win32
		{5BE24E31-6003-4EAE-876A-96495093B3AC}.Release|Win32.Build.0 = Release|Win32
	EndGlobalSection
	GlobalSection(SolutionProperties) = preSolution
		HideSolutionNode = FALSE
	EndGlobalSection
EndGlobal
